
Microsoft Visual Studio Solution File, Format Version 12.00
# Visual Studio Version 17
VisualStudioVersion = 17.4.33213.308
MinimumVisualStudioVersion = 10.0.40219.1
Project("{2150E333-8FDC-42A3-9474-1A3956D46DE8}") = "SRC", "SRC", "{72FD24D5-BDD9-4651-8582-628F617DC331}"
EndProject
Project("{2150E333-8FDC-42A3-9474-1A3956D46DE8}") = "TEST", "TEST", "{E722C673-0D5F-4EC4-8C61-FF620B5A3147}"
EndProject
Project("{FAE04EC0-301F-11D3-BF4B-00C04F79EFBC}") = "POS.Domain", "POS.Domain\POS.Domain.csproj", "{268FAB98-FEE8-4361-9D5C-448691570ADF}"
EndProject
Project("{FAE04EC0-301F-11D3-BF4B-00C04F79EFBC}") = "POS.Infraestructure", "POS.Infraestructure\POS.Infraestructure.csproj", "{01CAF3C5-7736-4A57-9BB8-4062025E1681}"
EndProject
Project("{FAE04EC0-301F-11D3-BF4B-00C04F79EFBC}") = "POS.Application", "POS.Application\POS.Application.csproj", "{C2E50EB5-12AC-4C72-9756-FF045593DF91}"
EndProject
Project("{FAE04EC0-301F-11D3-BF4B-00C04F79EFBC}") = "POS.Api", "POS.Api\POS.Api.csproj", "{FEA5F53B-6F18-45B8-A16B-9F72D1D2E68F}"
EndProject
Project("{FAE04EC0-301F-11D3-BF4B-00C04F79EFBC}") = "POS.Utilities", "POS.Utilities\POS.Utilities.csproj", "{DFE9477B-C5FA-4EC5-8F49-AA0EF52E8AD7}"
EndProject
Project("{FAE04EC0-301F-11D3-BF4B-00C04F79EFBC}") = "POS.Test", "POS.Test\POS.Test.csproj", "{81836C0D-4B1A-4F09-9851-24256DE9EDEB}"
EndProject
Global
	GlobalSection(SolutionConfigurationPlatforms) = preSolution
		Debug|Any CPU = Debug|Any CPU
		Release|Any CPU = Release|Any CPU
	EndGlobalSection
	GlobalSection(ProjectConfigurationPlatforms) = postSolution
		{268FAB98-FEE8-4361-9D5C-448691570ADF}.Debug|Any CPU.ActiveCfg = Debug|Any CPU
		{268FAB98-FEE8-4361-9D5C-448691570ADF}.Debug|Any CPU.Build.0 = Debug|Any CPU
		{268FAB98-FEE8-4361-9D5C-448691570ADF}.Release|Any CPU.ActiveCfg = Release|Any CPU
		{268FAB98-FEE8-4361-9D5C-448691570ADF}.Release|Any CPU.Build.0 = Release|Any CPU
		{01CAF3C5-7736-4A57-9BB8-4062025E1681}.Debug|Any CPU.ActiveCfg = Debug|Any CPU
		{01CAF3C5-7736-4A57-9BB8-4062025E1681}.Debug|Any CPU.Build.0 = Debug|Any CPU
		{01CAF3C5-7736-4A57-9BB8-4062025E1681}.Release|Any CPU.ActiveCfg = Release|Any CPU
		{01CAF3C5-7736-4A57-9BB8-4062025E1681}.Release|Any CPU.Build.0 = Release|Any CPU
		{C2E50EB5-12AC-4C72-9756-FF045593DF91}.Debug|Any CPU.ActiveCfg = Debug|Any CPU
		{C2E50EB5-12AC-4C72-9756-FF045593DF91}.Debug|Any CPU.Build.0 = Debug|Any CPU
		{C2E50EB5-12AC-4C72-9756-FF045593DF91}.Release|Any CPU.ActiveCfg = Release|Any CPU
		{C2E50EB5-12AC-4C72-9756-FF045593DF91}.Release|Any CPU.Build.0 = Release|Any CPU
		{FEA5F53B-6F18-45B8-A16B-9F72D1D2E68F}.Debug|Any CPU.ActiveCfg = Debug|Any CPU
		{FEA5F53B-6F18-45B8-A16B-9F72D1D2E68F}.Debug|Any CPU.Build.0 = Debug|Any CPU
		{FEA5F53B-6F18-45B8-A16B-9F72D1D2E68F}.Release|Any CPU.ActiveCfg = Release|Any CPU
		{FEA5F53B-6F18-45B8-A16B-9F72D1D2E68F}.Release|Any CPU.Build.0 = Release|Any CPU
		{DFE9477B-C5FA-4EC5-8F49-AA0EF52E8AD7}.Debug|Any CPU.ActiveCfg = Debug|Any CPU
		{DFE9477B-C5FA-4EC5-8F49-AA0EF52E8AD7}.Debug|Any CPU.Build.0 = Debug|Any CPU
		{DFE9477B-C5FA-4EC5-8F49-AA0EF52E8AD7}.Release|Any CPU.ActiveCfg = Release|Any CPU
		{DFE9477B-C5FA-4EC5-8F49-AA0EF52E8AD7}.Release|Any CPU.Build.0 = Release|Any CPU
		{81836C0D-4B1A-4F09-9851-24256DE9EDEB}.Debug|Any CPU.ActiveCfg = Debug|Any CPU
		{81836C0D-4B1A-4F09-9851-24256DE9EDEB}.Debug|Any CPU.Build.0 = Debug|Any CPU
		{81836C0D-4B1A-4F09-9851-24256DE9EDEB}.Release|Any CPU.ActiveCfg = Release|Any CPU
		{81836C0D-4B1A-4F09-9851-24256DE9EDEB}.Release|Any CPU.Build.0 = Release|Any CPU
	EndGlobalSection
	GlobalSection(SolutionProperties) = preSolution
		HideSolutionNode = FALSE
	EndGlobalSection
	GlobalSection(NestedProjects) = preSolution
		{268FAB98-FEE8-4361-9D5C-448691570ADF} = {72FD24D5-BDD9-4651-8582-628F617DC331}
		{01CAF3C5-7736-4A57-9BB8-4062025E1681} = {72FD24D5-BDD9-4651-8582-628F617DC331}
		{C2E50EB5-12AC-4C72-9756-FF045593DF91} = {72FD24D5-BDD9-4651-8582-628F617DC331}
		{FEA5F53B-6F18-45B8-A16B-9F72D1D2E68F} = {72FD24D5-BDD9-4651-8582-628F617DC331}
		{DFE9477B-C5FA-4EC5-8F49-AA0EF52E8AD7} = {72FD24D5-BDD9-4651-8582-628F617DC331}
		{81836C0D-4B1A-4F09-9851-24256DE9EDEB} = {E722C673-0D5F-4EC4-8C61-FF620B5A3147}
	EndGlobalSection
	GlobalSection(ExtensibilityGlobals) = postSolution
		SolutionGuid = {851ACF24-47F3-4BEA-83EE-AD635117808E}
	EndGlobalSection
EndGlobal
